// !$*UTF8*$!
{
	archiveVersion = 1;
	classes = {
	};
	objectVersion = 56;
	objects = {

/* Begin PBXBuildFile section */
		4E46B42D2B7246E8005FF8C4 /* CleanSky.gif in Resources */ = {isa = PBXBuildFile; fileRef = 4E46B42C2B7246E8005FF8C4 /* CleanSky.gif */; };
		C83FC9492B734C1000639179 /* LocationManager.swift in Sources */ = {isa = PBXBuildFile; fileRef = C83FC9482B734C1000639179 /* LocationManager.swift */; };
		C83FC94B2B734C3900639179 /* WeatherKey.plist in Resources */ = {isa = PBXBuildFile; fileRef = C83FC94A2B734C3900639179 /* WeatherKey.plist */; };
		C87623602B7101A100748961 /* AppDelegate.swift in Sources */ = {isa = PBXBuildFile; fileRef = C876235F2B7101A100748961 /* AppDelegate.swift */; };
		C87623622B7101A100748961 /* SceneDelegate.swift in Sources */ = {isa = PBXBuildFile; fileRef = C87623612B7101A100748961 /* SceneDelegate.swift */; };
		C87623642B7101A100748961 /* ViewController.swift in Sources */ = {isa = PBXBuildFile; fileRef = C87623632B7101A100748961 /* ViewController.swift */; };
		C87623692B7101A200748961 /* Assets.xcassets in Resources */ = {isa = PBXBuildFile; fileRef = C87623682B7101A200748961 /* Assets.xcassets */; };
		C876236C2B7101A200748961 /* LaunchScreen.storyboard in Resources */ = {isa = PBXBuildFile; fileRef = C876236A2B7101A200748961 /* LaunchScreen.storyboard */; };
		C87623822B71239600748961 /* MainViewController.swift in Sources */ = {isa = PBXBuildFile; fileRef = C87623812B71239600748961 /* MainViewController.swift */; };
		C87623842B71239F00748961 /* MapViewController.swift in Sources */ = {isa = PBXBuildFile; fileRef = C87623832B71239F00748961 /* MapViewController.swift */; };
		C87623862B7123D600748961 /* WeatherListViewController.swift in Sources */ = {isa = PBXBuildFile; fileRef = C87623852B7123D600748961 /* WeatherListViewController.swift */; };
		C876238A2B71243400748961 /* WeatherModel.swift in Sources */ = {isa = PBXBuildFile; fileRef = C87623892B71243400748961 /* WeatherModel.swift */; };
		C876238C2B71244600748961 /* WeatherManager.swift in Sources */ = {isa = PBXBuildFile; fileRef = C876238B2B71244600748961 /* WeatherManager.swift */; };
		C89ABB992B73AB14006E2427 /* Gifu in Frameworks */ = {isa = PBXBuildFile; productRef = C89ABB982B73AB14006E2427 /* Gifu */; };
		C89ABB9C2B73AB1B006E2427 /* SnapKit in Frameworks */ = {isa = PBXBuildFile; productRef = C89ABB9B2B73AB1B006E2427 /* SnapKit */; };
		C89ABB9E2B73AB1B006E2427 /* SnapKit-Dynamic in Frameworks */ = {isa = PBXBuildFile; productRef = C89ABB9D2B73AB1B006E2427 /* SnapKit-Dynamic */; };
		C89ABBA12B73AB21006E2427 /* Then in Frameworks */ = {isa = PBXBuildFile; productRef = C89ABBA02B73AB21006E2427 /* Then */; };
/* End PBXBuildFile section */

/* Begin PBXFileReference section */
		4E46B42C2B7246E8005FF8C4 /* CleanSky.gif */ = {isa = PBXFileReference; lastKnownFileType = image.gif; path = CleanSky.gif; sourceTree = "<group>"; };
		C83FC9482B734C1000639179 /* LocationManager.swift */ = {isa = PBXFileReference; lastKnownFileType = sourcecode.swift; path = LocationManager.swift; sourceTree = "<group>"; };
		C83FC94A2B734C3900639179 /* WeatherKey.plist */ = {isa = PBXFileReference; lastKnownFileType = text.plist.xml; path = WeatherKey.plist; sourceTree = "<group>"; };
		C876235C2B7101A100748961 /* Weather777.app */ = {isa = PBXFileReference; explicitFileType = wrapper.application; includeInIndex = 0; path = Weather777.app; sourceTree = BUILT_PRODUCTS_DIR; };
		C876235F2B7101A100748961 /* AppDelegate.swift */ = {isa = PBXFileReference; lastKnownFileType = sourcecode.swift; path = AppDelegate.swift; sourceTree = "<group>"; };
		C87623612B7101A100748961 /* SceneDelegate.swift */ = {isa = PBXFileReference; lastKnownFileType = sourcecode.swift; path = SceneDelegate.swift; sourceTree = "<group>"; };
		C87623632B7101A100748961 /* ViewController.swift */ = {isa = PBXFileReference; lastKnownFileType = sourcecode.swift; path = ViewController.swift; sourceTree = "<group>"; };
		C87623682B7101A200748961 /* Assets.xcassets */ = {isa = PBXFileReference; lastKnownFileType = folder.assetcatalog; path = Assets.xcassets; sourceTree = "<group>"; };
		C876236B2B7101A200748961 /* Base */ = {isa = PBXFileReference; lastKnownFileType = file.storyboard; name = Base; path = Base.lproj/LaunchScreen.storyboard; sourceTree = "<group>"; };
		C876236D2B7101A200748961 /* Info.plist */ = {isa = PBXFileReference; lastKnownFileType = text.plist.xml; path = Info.plist; sourceTree = "<group>"; };
		C87623812B71239600748961 /* MainViewController.swift */ = {isa = PBXFileReference; lastKnownFileType = sourcecode.swift; path = MainViewController.swift; sourceTree = "<group>"; };
		C87623832B71239F00748961 /* MapViewController.swift */ = {isa = PBXFileReference; lastKnownFileType = sourcecode.swift; path = MapViewController.swift; sourceTree = "<group>"; };
		C87623852B7123D600748961 /* WeatherListViewController.swift */ = {isa = PBXFileReference; lastKnownFileType = sourcecode.swift; path = WeatherListViewController.swift; sourceTree = "<group>"; };
		C87623892B71243400748961 /* WeatherModel.swift */ = {isa = PBXFileReference; lastKnownFileType = sourcecode.swift; path = WeatherModel.swift; sourceTree = "<group>"; };
		C876238B2B71244600748961 /* WeatherManager.swift */ = {isa = PBXFileReference; lastKnownFileType = sourcecode.swift; path = WeatherManager.swift; sourceTree = "<group>"; };
/* End PBXFileReference section */

/* Begin PBXFrameworksBuildPhase section */
		C89ABB962B73AAE9006E2427 /* Frameworks */ = {
			isa = PBXFrameworksBuildPhase;
			buildActionMask = 2147483647;
			files = (
				C89ABB992B73AB14006E2427 /* Gifu in Frameworks */,
				C89ABB9C2B73AB1B006E2427 /* SnapKit in Frameworks */,
				C89ABB9E2B73AB1B006E2427 /* SnapKit-Dynamic in Frameworks */,
				C89ABBA12B73AB21006E2427 /* Then in Frameworks */,
			);
			runOnlyForDeploymentPostprocessing = 0;
		};
/* End PBXFrameworksBuildPhase section */

/* Begin PBXGroup section */
		C87623532B7101A100748961 = {
			isa = PBXGroup;
			children = (
				C876235E2B7101A100748961 /* Weather777 */,
				C876235D2B7101A100748961 /* Products */,
			);
			sourceTree = "<group>";
		};
		C876235D2B7101A100748961 /* Products */ = {
			isa = PBXGroup;
			children = (
				C876235C2B7101A100748961 /* Weather777.app */,
			);
			name = Products;
			sourceTree = "<group>";
		};
		C876235E2B7101A100748961 /* Weather777 */ = {
			isa = PBXGroup;
			children = (
				C87623732B71021500748961 /* Network */,
				C87623752B71025300748961 /* WeatherList */,
				C87623762B71028F00748961 /* Map */,
				C87623742B71023D00748961 /* Main */,
				C87623772B7102E200748961 /* Support */,
				C876236A2B7101A200748961 /* LaunchScreen.storyboard */,
				C87623632B7101A100748961 /* ViewController.swift */,
				C876236D2B7101A200748961 /* Info.plist */,
				C83FC94A2B734C3900639179 /* WeatherKey.plist */,
			);
			path = Weather777;
			sourceTree = "<group>";
		};
		C87623732B71021500748961 /* Network */ = {
			isa = PBXGroup;
			children = (
				C87623892B71243400748961 /* WeatherModel.swift */,
				C876238B2B71244600748961 /* WeatherManager.swift */,
				C83FC9482B734C1000639179 /* LocationManager.swift */,
			);
			path = Network;
			sourceTree = "<group>";
		};
		C87623742B71023D00748961 /* Main */ = {
			isa = PBXGroup;
			children = (
				C87623812B71239600748961 /* MainViewController.swift */,
				4E46B42C2B7246E8005FF8C4 /* CleanSky.gif */,
			);
			path = Main;
			sourceTree = "<group>";
		};
		C87623752B71025300748961 /* WeatherList */ = {
			isa = PBXGroup;
			children = (
				C87623852B7123D600748961 /* WeatherListViewController.swift */,
			);
			path = WeatherList;
			sourceTree = "<group>";
		};
		C87623762B71028F00748961 /* Map */ = {
			isa = PBXGroup;
			children = (
				C87623832B71239F00748961 /* MapViewController.swift */,
			);
			path = Map;
			sourceTree = "<group>";
		};
		C87623772B7102E200748961 /* Support */ = {
			isa = PBXGroup;
			children = (
				C876235F2B7101A100748961 /* AppDelegate.swift */,
				C87623612B7101A100748961 /* SceneDelegate.swift */,
				C87623682B7101A200748961 /* Assets.xcassets */,
			);
			path = Support;
			sourceTree = "<group>";
		};
/* End PBXGroup section */

/* Begin PBXNativeTarget section */
		C876235B2B7101A100748961 /* Weather777 */ = {
			isa = PBXNativeTarget;
			buildConfigurationList = C87623702B7101A200748961 /* Build configuration list for PBXNativeTarget "Weather777" */;
			buildPhases = (
				C87623582B7101A100748961 /* Sources */,
				C876235A2B7101A100748961 /* Resources */,
				C89ABB962B73AAE9006E2427 /* Frameworks */,
			);
			buildRules = (
			);
			dependencies = (
			);
			name = Weather777;
			packageProductDependencies = (
				C89ABB982B73AB14006E2427 /* Gifu */,
				C89ABB9B2B73AB1B006E2427 /* SnapKit */,
				C89ABB9D2B73AB1B006E2427 /* SnapKit-Dynamic */,
				C89ABBA02B73AB21006E2427 /* Then */,
			);
			productName = Weather777;
			productReference = C876235C2B7101A100748961 /* Weather777.app */;
			productType = "com.apple.product-type.application";
		};
/* End PBXNativeTarget section */

/* Begin PBXProject section */
		C87623542B7101A100748961 /* Project object */ = {
			isa = PBXProject;
			attributes = {
				BuildIndependentTargetsInParallel = 1;
				LastSwiftUpdateCheck = 1520;
				LastUpgradeCheck = 1520;
				TargetAttributes = {
					C876235B2B7101A100748961 = {
						CreatedOnToolsVersion = 15.2;
					};
				};
			};
			buildConfigurationList = C87623572B7101A100748961 /* Build configuration list for PBXProject "Weather777" */;
			compatibilityVersion = "Xcode 14.0";
			developmentRegion = en;
			hasScannedForEncodings = 0;
			knownRegions = (
				en,
				Base,
			);
			mainGroup = C87623532B7101A100748961;
			packageReferences = (
				C89ABB972B73AB14006E2427 /* XCRemoteSwiftPackageReference "Gifu" */,
				C89ABB9A2B73AB1A006E2427 /* XCRemoteSwiftPackageReference "SnapKit" */,
				C89ABB9F2B73AB21006E2427 /* XCRemoteSwiftPackageReference "Then" */,
			);
			productRefGroup = C876235D2B7101A100748961 /* Products */;
			projectDirPath = "";
			projectRoot = "";
			targets = (
				C876235B2B7101A100748961 /* Weather777 */,
			);
		};
/* End PBXProject section */

/* Begin PBXResourcesBuildPhase section */
		C876235A2B7101A100748961 /* Resources */ = {
			isa = PBXResourcesBuildPhase;
			buildActionMask = 2147483647;
			files = (
				C83FC94B2B734C3900639179 /* WeatherKey.plist in Resources */,
				4E46B42D2B7246E8005FF8C4 /* CleanSky.gif in Resources */,
				C876236C2B7101A200748961 /* LaunchScreen.storyboard in Resources */,
				C87623692B7101A200748961 /* Assets.xcassets in Resources */,
			);
			runOnlyForDeploymentPostprocessing = 0;
		};
/* End PBXResourcesBuildPhase section */

/* Begin PBXSourcesBuildPhase section */
		C87623582B7101A100748961 /* Sources */ = {
			isa = PBXSourcesBuildPhase;
			buildActionMask = 2147483647;
			files = (
				C87623642B7101A100748961 /* ViewController.swift in Sources */,
				C87623602B7101A100748961 /* AppDelegate.swift in Sources */,
				C87623622B7101A100748961 /* SceneDelegate.swift in Sources */,
				C87623862B7123D600748961 /* WeatherListViewController.swift in Sources */,
				C87623842B71239F00748961 /* MapViewController.swift in Sources */,
				C876238C2B71244600748961 /* WeatherManager.swift in Sources */,
				C876238A2B71243400748961 /* WeatherModel.swift in Sources */,
				C87623822B71239600748961 /* MainViewController.swift in Sources */,
				C83FC9492B734C1000639179 /* LocationManager.swift in Sources */,
			);
			runOnlyForDeploymentPostprocessing = 0;
		};
/* End PBXSourcesBuildPhase section */

/* Begin PBXVariantGroup section */
		C876236A2B7101A200748961 /* LaunchScreen.storyboard */ = {
			isa = PBXVariantGroup;
			children = (
				C876236B2B7101A200748961 /* Base */,
			);
			name = LaunchScreen.storyboard;
			sourceTree = "<group>";
		};
/* End PBXVariantGroup section */

/* Begin XCBuildConfiguration section */
		C876236E2B7101A200748961 /* Debug */ = {
			isa = XCBuildConfiguration;
			buildSettings = {
				ALWAYS_SEARCH_USER_PATHS = NO;
				ASSETCATALOG_COMPILER_GENERATE_SWIFT_ASSET_SYMBOL_EXTENSIONS = YES;
				CLANG_ANALYZER_NONNULL = YES;
				CLANG_ANALYZER_NUMBER_OBJECT_CONVERSION = YES_AGGRESSIVE;
				CLANG_CXX_LANGUAGE_STANDARD = "gnu++20";
				CLANG_ENABLE_MODULES = YES;
				CLANG_ENABLE_OBJC_ARC = YES;
				CLANG_ENABLE_OBJC_WEAK = YES;
				CLANG_WARN_BLOCK_CAPTURE_AUTORELEASING = YES;
				CLANG_WARN_BOOL_CONVERSION = YES;
				CLANG_WARN_COMMA = YES;
				CLANG_WARN_CONSTANT_CONVERSION = YES;
				CLANG_WARN_DEPRECATED_OBJC_IMPLEMENTATIONS = YES;
				CLANG_WARN_DIRECT_OBJC_ISA_USAGE = YES_ERROR;
				CLANG_WARN_DOCUMENTATION_COMMENTS = YES;
				CLANG_WARN_EMPTY_BODY = YES;
				CLANG_WARN_ENUM_CONVERSION = YES;
				CLANG_WARN_INFINITE_RECURSION = YES;
				CLANG_WARN_INT_CONVERSION = YES;
				CLANG_WARN_NON_LITERAL_NULL_CONVERSION = YES;
				CLANG_WARN_OBJC_IMPLICIT_RETAIN_SELF = YES;
				CLANG_WARN_OBJC_LITERAL_CONVERSION = YES;
				CLANG_WARN_OBJC_ROOT_CLASS = YES_ERROR;
				CLANG_WARN_QUOTED_INCLUDE_IN_FRAMEWORK_HEADER = YES;
				CLANG_WARN_RANGE_LOOP_ANALYSIS = YES;
				CLANG_WARN_STRICT_PROTOTYPES = YES;
				CLANG_WARN_SUSPICIOUS_MOVE = YES;
				CLANG_WARN_UNGUARDED_AVAILABILITY = YES_AGGRESSIVE;
				CLANG_WARN_UNREACHABLE_CODE = YES;
				CLANG_WARN__DUPLICATE_METHOD_MATCH = YES;
				COPY_PHASE_STRIP = NO;
				DEBUG_INFORMATION_FORMAT = dwarf;
				ENABLE_STRICT_OBJC_MSGSEND = YES;
				ENABLE_TESTABILITY = YES;
				ENABLE_USER_SCRIPT_SANDBOXING = YES;
				GCC_C_LANGUAGE_STANDARD = gnu17;
				GCC_DYNAMIC_NO_PIC = NO;
				GCC_NO_COMMON_BLOCKS = YES;
				GCC_OPTIMIZATION_LEVEL = 0;
				GCC_PREPROCESSOR_DEFINITIONS = (
					"DEBUG=1",
					"$(inherited)",
				);
				GCC_WARN_64_TO_32_BIT_CONVERSION = YES;
				GCC_WARN_ABOUT_RETURN_TYPE = YES_ERROR;
				GCC_WARN_UNDECLARED_SELECTOR = YES;
				GCC_WARN_UNINITIALIZED_AUTOS = YES_AGGRESSIVE;
				GCC_WARN_UNUSED_FUNCTION = YES;
				GCC_WARN_UNUSED_VARIABLE = YES;
				IPHONEOS_DEPLOYMENT_TARGET = 15.0;
				LOCALIZATION_PREFERS_STRING_CATALOGS = YES;
				MTL_ENABLE_DEBUG_INFO = INCLUDE_SOURCE;
				MTL_FAST_MATH = YES;
				ONLY_ACTIVE_ARCH = YES;
				SDKROOT = iphoneos;
				SWIFT_ACTIVE_COMPILATION_CONDITIONS = "DEBUG $(inherited)";
				SWIFT_OPTIMIZATION_LEVEL = "-Onone";
			};
			name = Debug;
		};
		C876236F2B7101A200748961 /* Release */ = {
			isa = XCBuildConfiguration;
			buildSettings = {
				ALWAYS_SEARCH_USER_PATHS = NO;
				ASSETCATALOG_COMPILER_GENERATE_SWIFT_ASSET_SYMBOL_EXTENSIONS = YES;
				CLANG_ANALYZER_NONNULL = YES;
				CLANG_ANALYZER_NUMBER_OBJECT_CONVERSION = YES_AGGRESSIVE;
				CLANG_CXX_LANGUAGE_STANDARD = "gnu++20";
				CLANG_ENABLE_MODULES = YES;
				CLANG_ENABLE_OBJC_ARC = YES;
				CLANG_ENABLE_OBJC_WEAK = YES;
				CLANG_WARN_BLOCK_CAPTURE_AUTORELEASING = YES;
				CLANG_WARN_BOOL_CONVERSION = YES;
				CLANG_WARN_COMMA = YES;
				CLANG_WARN_CONSTANT_CONVERSION = YES;
				CLANG_WARN_DEPRECATED_OBJC_IMPLEMENTATIONS = YES;
				CLANG_WARN_DIRECT_OBJC_ISA_USAGE = YES_ERROR;
				CLANG_WARN_DOCUMENTATION_COMMENTS = YES;
				CLANG_WARN_EMPTY_BODY = YES;
				CLANG_WARN_ENUM_CONVERSION = YES;
				CLANG_WARN_INFINITE_RECURSION = YES;
				CLANG_WARN_INT_CONVERSION = YES;
				CLANG_WARN_NON_LITERAL_NULL_CONVERSION = YES;
				CLANG_WARN_OBJC_IMPLICIT_RETAIN_SELF = YES;
				CLANG_WARN_OBJC_LITERAL_CONVERSION = YES;
				CLANG_WARN_OBJC_ROOT_CLASS = YES_ERROR;
				CLANG_WARN_QUOTED_INCLUDE_IN_FRAMEWORK_HEADER = YES;
				CLANG_WARN_RANGE_LOOP_ANALYSIS = YES;
				CLANG_WARN_STRICT_PROTOTYPES = YES;
				CLANG_WARN_SUSPICIOUS_MOVE = YES;
				CLANG_WARN_UNGUARDED_AVAILABILITY = YES_AGGRESSIVE;
				CLANG_WARN_UNREACHABLE_CODE = YES;
				CLANG_WARN__DUPLICATE_METHOD_MATCH = YES;
				COPY_PHASE_STRIP = NO;
				DEBUG_INFORMATION_FORMAT = "dwarf-with-dsym";
				ENABLE_NS_ASSERTIONS = NO;
				ENABLE_STRICT_OBJC_MSGSEND = YES;
				ENABLE_USER_SCRIPT_SANDBOXING = YES;
				GCC_C_LANGUAGE_STANDARD = gnu17;
				GCC_NO_COMMON_BLOCKS = YES;
				GCC_WARN_64_TO_32_BIT_CONVERSION = YES;
				GCC_WARN_ABOUT_RETURN_TYPE = YES_ERROR;
				GCC_WARN_UNDECLARED_SELECTOR = YES;
				GCC_WARN_UNINITIALIZED_AUTOS = YES_AGGRESSIVE;
				GCC_WARN_UNUSED_FUNCTION = YES;
				GCC_WARN_UNUSED_VARIABLE = YES;
				IPHONEOS_DEPLOYMENT_TARGET = 15.0;
				LOCALIZATION_PREFERS_STRING_CATALOGS = YES;
				MTL_ENABLE_DEBUG_INFO = NO;
				MTL_FAST_MATH = YES;
				SDKROOT = iphoneos;
				SWIFT_COMPILATION_MODE = wholemodule;
				VALIDATE_PRODUCT = YES;
			};
			name = Release;
		};
		C87623712B7101A200748961 /* Debug */ = {
			isa = XCBuildConfiguration;
			buildSettings = {
				ASSETCATALOG_COMPILER_APPICON_NAME = AppIcon;
				ASSETCATALOG_COMPILER_GLOBAL_ACCENT_COLOR_NAME = AccentColor;
				CODE_SIGN_STYLE = Automatic;
				CURRENT_PROJECT_VERSION = 1;
				ENABLE_USER_SCRIPT_SANDBOXING = NO;
				GENERATE_INFOPLIST_FILE = YES;
				INFOPLIST_FILE = Weather777/Info.plist;
				INFOPLIST_KEY_UIApplicationSupportsIndirectInputEvents = YES;
				INFOPLIST_KEY_UILaunchStoryboardName = LaunchScreen;
				INFOPLIST_KEY_UISupportedInterfaceOrientations_iPad = "UIInterfaceOrientationPortrait UIInterfaceOrientationPortraitUpsideDown UIInterfaceOrientationLandscapeLeft UIInterfaceOrientationLandscapeRight";
				INFOPLIST_KEY_UISupportedInterfaceOrientations_iPhone = "UIInterfaceOrientationPortrait UIInterfaceOrientationLandscapeLeft UIInterfaceOrientationLandscapeRight";
				IPHONEOS_DEPLOYMENT_TARGET = 15.0;
				LD_RUNPATH_SEARCH_PATHS = (
					"$(inherited)",
					"@executable_path/Frameworks",
				);
				MARKETING_VERSION = 1.0;
				PRODUCT_BUNDLE_IDENTIFIER = com.Weather777.Weather777;
				PRODUCT_NAME = "$(TARGET_NAME)";
				SWIFT_EMIT_LOC_STRINGS = YES;
				SWIFT_VERSION = 5.0;
				TARGETED_DEVICE_FAMILY = "1,2";
			};
			name = Debug;
		};
		C87623722B7101A200748961 /* Release */ = {
			isa = XCBuildConfiguration;
			buildSettings = {
				ASSETCATALOG_COMPILER_APPICON_NAME = AppIcon;
				ASSETCATALOG_COMPILER_GLOBAL_ACCENT_COLOR_NAME = AccentColor;
				CODE_SIGN_STYLE = Automatic;
				CURRENT_PROJECT_VERSION = 1;
				ENABLE_USER_SCRIPT_SANDBOXING = NO;
				GENERATE_INFOPLIST_FILE = YES;
				INFOPLIST_FILE = Weather777/Info.plist;
				INFOPLIST_KEY_UIApplicationSupportsIndirectInputEvents = YES;
				INFOPLIST_KEY_UILaunchStoryboardName = LaunchScreen;
				INFOPLIST_KEY_UISupportedInterfaceOrientations_iPad = "UIInterfaceOrientationPortrait UIInterfaceOrientationPortraitUpsideDown UIInterfaceOrientationLandscapeLeft UIInterfaceOrientationLandscapeRight";
				INFOPLIST_KEY_UISupportedInterfaceOrientations_iPhone = "UIInterfaceOrientationPortrait UIInterfaceOrientationLandscapeLeft UIInterfaceOrientationLandscapeRight";
				IPHONEOS_DEPLOYMENT_TARGET = 15.0;
				LD_RUNPATH_SEARCH_PATHS = (
					"$(inherited)",
					"@executable_path/Frameworks",
				);
				MARKETING_VERSION = 1.0;
				PRODUCT_BUNDLE_IDENTIFIER = com.Weather777.Weather777;
				PRODUCT_NAME = "$(TARGET_NAME)";
				SWIFT_EMIT_LOC_STRINGS = YES;
				SWIFT_VERSION = 5.0;
				TARGETED_DEVICE_FAMILY = "1,2";
			};
			name = Release;
		};
/* End XCBuildConfiguration section */

/* Begin XCConfigurationList section */
		C87623572B7101A100748961 /* Build configuration list for PBXProject "Weather777" */ = {
			isa = XCConfigurationList;
			buildConfigurations = (
				C876236E2B7101A200748961 /* Debug */,
				C876236F2B7101A200748961 /* Release */,
			);
			defaultConfigurationIsVisible = 0;
			defaultConfigurationName = Release;
		};
		C87623702B7101A200748961 /* Build configuration list for PBXNativeTarget "Weather777" */ = {
			isa = XCConfigurationList;
			buildConfigurations = (
				C87623712B7101A200748961 /* Debug */,
				C87623722B7101A200748961 /* Release */,
			);
			defaultConfigurationIsVisible = 0;
			defaultConfigurationName = Release;
		};
/* End XCConfigurationList section */

/* Begin XCRemoteSwiftPackageReference section */
		C89ABB972B73AB14006E2427 /* XCRemoteSwiftPackageReference "Gifu" */ = {
			isa = XCRemoteSwiftPackageReference;
			repositoryURL = "https://github.com/kaishin/Gifu.git";
			requirement = {
				kind = upToNextMajorVersion;
				minimumVersion = 3.2.2;
			};
		};
		C89ABB9A2B73AB1A006E2427 /* XCRemoteSwiftPackageReference "SnapKit" */ = {
			isa = XCRemoteSwiftPackageReference;
			repositoryURL = "https://github.com/SnapKit/SnapKit.git";
			requirement = {
				kind = upToNextMajorVersion;
				minimumVersion = 5.7.0;
			};
		};
		C89ABB9F2B73AB21006E2427 /* XCRemoteSwiftPackageReference "Then" */ = {
			isa = XCRemoteSwiftPackageReference;
			repositoryURL = "https://github.com/devxoul/Then";
			requirement = {
				kind = upToNextMajorVersion;
				minimumVersion = 3.0.0;
			};
		};
/* End XCRemoteSwiftPackageReference section */

/* Begin XCSwiftPackageProductDependency section */
		C89ABB982B73AB14006E2427 /* Gifu */ = {
			isa = XCSwiftPackageProductDependency;
			package = C89ABB972B73AB14006E2427 /* XCRemoteSwiftPackageReference "Gifu" */;
			productName = Gifu;
		};
		C89ABB9B2B73AB1B006E2427 /* SnapKit */ = {
			isa = XCSwiftPackageProductDependency;
			package = C89ABB9A2B73AB1A006E2427 /* XCRemoteSwiftPackageReference "SnapKit" */;
			productName = SnapKit;
		};
		C89ABB9D2B73AB1B006E2427 /* SnapKit-Dynamic */ = {
			isa = XCSwiftPackageProductDependency;
			package = C89ABB9A2B73AB1A006E2427 /* XCRemoteSwiftPackageReference "SnapKit" */;
			productName = "SnapKit-Dynamic";
		};
		C89ABBA02B73AB21006E2427 /* Then */ = {
			isa = XCSwiftPackageProductDependency;
			package = C89ABB9F2B73AB21006E2427 /* XCRemoteSwiftPackageReference "Then" */;
			productName = Then;
		};
/* End XCSwiftPackageProductDependency section */
	};
	rootObject = C87623542B7101A100748961 /* Project object */;
}
